
Microsoft Visual Studio Solution File, Format Version 12.00
# Visual Studio Version 16
VisualStudioVersion = 16.0.810.16
MinimumVisualStudioVersion = 10.0.40219.1
Project("{FAE04EC0-301F-11D3-BF4B-00C04F79EFBC}") = "OperatorExercise", "OperatorExercise\OperatorExercise.csproj", "{884CDC56-2848-44E6-880D-5B2F33A87F8F}"
EndProject
Global
	GlobalSection(SolutionConfigurationPlatforms) = preSolution
		Debug|Any CPU = Debug|Any CPU
		Release|Any CPU = Release|Any CPU
	EndGlobalSection
	GlobalSection(ProjectConfigurationPlatforms) = postSolution
		{884CDC56-2848-44E6-880D-5B2F33A87F8F}.Debug|Any CPU.ActiveCfg = Debug|Any CPU
		{884CDC56-2848-44E6-880D-5B2F33A87F8F}.Debug|Any CPU.Build.0 = Debug|Any CPU
		{884CDC56-2848-44E6-880D-5B2F33A87F8F}.Release|Any CPU.ActiveCfg = Release|Any CPU
		{884CDC56-2848-44E6-880D-5B2F33A87F8F}.Release|Any CPU.Build.0 = Release|Any CPU
	EndGlobalSection
	GlobalSection(SolutionProperties) = preSolution
		HideSolutionNode = FALSE
	EndGlobalSection
	GlobalSection(ExtensibilityGlobals) = postSolution
		SolutionGuid = {7D66B845-93E5-4D54-9913-EBCBE0A181AC}
	EndGlobalSection
EndGlobal
